
Microsoft Visual Studio Solution File, Format Version 12.00
# Visual Studio Version 17
VisualStudioVersion = 17.7.34024.191
MinimumVisualStudioVersion = 10.0.40219.1
Project("{9A19103F-16F7-4668-BE54-9A1E7A4F7556}") = "EmployeeOOP", "Employee\EmployeeOOP.csproj", "{649AE7EA-F488-4AC3-B8FF-DEE7CA695298}"
EndProject
Global
	GlobalSection(SolutionConfigurationPlatforms) = preSolution
		Debug|Any CPU = Debug|Any CPU
		Release|Any CPU = Release|Any CPU
	EndGlobalSection
	GlobalSection(ProjectConfigurationPlatforms) = postSolution
		{649AE7EA-F488-4AC3-B8FF-DEE7CA695298}.Debug|Any CPU.ActiveCfg = Debug|Any CPU
		{649AE7EA-F488-4AC3-B8FF-DEE7CA695298}.Debug|Any CPU.Build.0 = Debug|Any CPU
		{649AE7EA-F488-4AC3-B8FF-DEE7CA695298}.Release|Any CPU.ActiveCfg = Release|Any CPU
		{649AE7EA-F488-4AC3-B8FF-DEE7CA695298}.Release|Any CPU.Build.0 = Release|Any CPU
	EndGlobalSection
	GlobalSection(SolutionProperties) = preSolution
		HideSolutionNode = FALSE
	EndGlobalSection
	GlobalSection(ExtensibilityGlobals) = postSolution
		SolutionGuid = {234DC8F8-F6D4-410B-96BB-B3C82B338CD7}
	EndGlobalSection
EndGlobal
